<?xml version="1.0" encoding="utf-8"?>
<Project ToolsVersion="4.0" xmlns="http://schemas.microsoft.com/developer/msbuild/2003">
  <ItemGroup>
    <Filter Include="源文件">
      <UniqueIdentifier>{4FC737F1-C7A5-4376-A066-2A32D752A2FF}</UniqueIdentifier>
      <Extensions>cpp;c;cc;cxx;c++;cppm;ixx;def;odl;idl;hpj;bat;asm;asmx</Extensions>
    </Filter>
    <Filter Include="头文件">
      <UniqueIdentifier>{93995380-89BD-4b04-88EB-625FBE52EBFB}</UniqueIdentifier>
      <Extensions>h;hh;hpp;hxx;h++;hm;inl;inc;ipp;xsd</Extensions>
    </Filter>
    <Filter Include="资源文件">
      <UniqueIdentifier>{67DA6AB6-F800-4c08-8B7A-83BB121AAD01}</UniqueIdentifier>
      <Extensions>rc;ico;cur;bmp;dlg;rc2;rct;bin;rgs;gif;jpg;jpeg;jpe;resx;tiff;tif;png;wav;mfcribbon-ms</Extensions>
    </Filter>
    <Filter Include="主程序">
      <UniqueIdentifier>{01c3bb8b-0476-4265-8a73-b7674ceac2a8}</UniqueIdentifier>
    </Filter>
    <Filter Include="权限帮助">
      <UniqueIdentifier>{50b4dd8b-07f4-455f-a91b-a6c95ae6ee2c}</UniqueIdentifier>
    </Filter>
    <Filter Include="系统帮助">
      <UniqueIdentifier>{b373b058-9d8f-4af6-871c-c2825551cf61}</UniqueIdentifier>
    </Filter>
    <Filter Include="进程帮助">
      <UniqueIdentifier>{e83dccaf-fe92-4a3f-b948-2e80dc2a5379}</UniqueIdentifier>
    </Filter>
    <Filter Include="驱动帮助">
      <UniqueIdentifier>{c2af1ed9-a881-4339-a054-7ce320fa8bb4}</UniqueIdentifier>
    </Filter>
    <Filter Include="字符串帮助">
      <UniqueIdentifier>{5a2ca5ea-ada0-4911-9df2-a05d43f0bb59}</UniqueIdentifier>
    </Filter>
    <Filter Include="对象帮助">
      <UniqueIdentifier>{07e8a1a1-6ffe-4246-800d-cf8bf67e0e23}</UniqueIdentifier>
    </Filter>
    <Filter Include="Ntdll">
      <UniqueIdentifier>{ef262946-ab96-4b9e-a750-da5d661f1053}</UniqueIdentifier>
    </Filter>
    <Filter Include="common">
      <UniqueIdentifier>{44dbdd44-3a4e-4319-97ab-66bca3c4fe0f}</UniqueIdentifier>
    </Filter>
    <Filter Include="文件帮助">
      <UniqueIdentifier>{1c57dac5-8d77-4e94-9dba-86e16edebc47}</UniqueIdentifier>
    </Filter>
  </ItemGroup>
  <ItemGroup>
    <ClInclude Include="PCManage.h">
      <Filter>头文件</Filter>
    </ClInclude>
    <ClInclude Include="framework.h">
      <Filter>头文件</Filter>
    </ClInclude>
    <ClInclude Include="targetver.h">
      <Filter>头文件</Filter>
    </ClInclude>
    <ClInclude Include="Resource.h">
      <Filter>头文件</Filter>
    </ClInclude>
    <ClInclude Include="pch.h">
      <Filter>头文件</Filter>
    </ClInclude>
    <ClInclude Include="PCManageDlg.h">
      <Filter>主程序</Filter>
    </ClInclude>
    <ClInclude Include="SystemHelper.h">
      <Filter>系统帮助</Filter>
    </ClInclude>
    <ClInclude Include="PrivilegeHelper.h">
      <Filter>权限帮助</Filter>
    </ClInclude>
    <ClInclude Include="CProcessDialog.h">
      <Filter>进程帮助</Filter>
    </ClInclude>
    <ClInclude Include="CDriverDialog.h">
      <Filter>驱动帮助</Filter>
    </ClInclude>
    <ClInclude Include="ProcessHelper.h">
      <Filter>进程帮助</Filter>
    </ClInclude>
    <ClInclude Include="ObjectHelper.h">
      <Filter>对象帮助</Filter>
    </ClInclude>
    <ClInclude Include="Ntdll.h">
      <Filter>Ntdll</Filter>
    </ClInclude>
    <ClInclude Include="StringHelper.h">
      <Filter>字符串帮助</Filter>
    </ClInclude>
    <ClInclude Include="common.h">
      <Filter>common</Filter>
    </ClInclude>
    <ClInclude Include="FileHelper.h">
      <Filter>文件帮助</Filter>
    </ClInclude>
  </ItemGroup>
  <ItemGroup>
    <ClCompile Include="PCManage.cpp">
      <Filter>源文件</Filter>
    </ClCompile>
    <ClCompile Include="pch.cpp">
      <Filter>源文件</Filter>
    </ClCompile>
    <ClCompile Include="PCManageDlg.cpp">
      <Filter>主程序</Filter>
    </ClCompile>
    <ClCompile Include="SystemHelper.cpp">
      <Filter>系统帮助</Filter>
    </ClCompile>
    <ClCompile Include="PrivilegeHelper.cpp">
      <Filter>权限帮助</Filter>
    </ClCompile>
    <ClCompile Include="CProcessDialog.cpp">
      <Filter>进程帮助</Filter>
    </ClCompile>
    <ClCompile Include="CDriverDialog.cpp">
      <Filter>驱动帮助</Filter>
    </ClCompile>
    <ClCompile Include="ProcessHelper.cpp">
      <Filter>进程帮助</Filter>
    </ClCompile>
    <ClCompile Include="ObjectHelper.cpp">
      <Filter>对象帮助</Filter>
    </ClCompile>
    <ClCompile Include="Ntdll.cpp">
      <Filter>Ntdll</Filter>
    </ClCompile>
    <ClCompile Include="StringHelpercpp.cpp">
      <Filter>字符串帮助</Filter>
    </ClCompile>
    <ClCompile Include="common.cpp">
      <Filter>common</Filter>
    </ClCompile>
    <ClCompile Include="FileHelper.cpp">
      <Filter>文件帮助</Filter>
    </ClCompile>
  </ItemGroup>
  <ItemGroup>
    <ResourceCompile Include="PCManage.rc">
      <Filter>资源文件</Filter>
    </ResourceCompile>
  </ItemGroup>
  <ItemGroup>
    <None Include="res\PCManage.rc2">
      <Filter>资源文件</Filter>
    </None>
  </ItemGroup>
  <ItemGroup>
    <Image Include="res\PCManage.ico">
      <Filter>资源文件</Filter>
    </Image>
  </ItemGroup>
</Project>